PODS:
  - Bolts (1.5.1):
    - Bolts/AppLinks (= 1.5.1)
    - Bolts/Tasks (= 1.5.1)
  - Bolts/AppLinks (1.5.1):
    - Bolts/Tasks
  - Bolts/Tasks (1.5.1)
  - Crashlytics (3.3.4)
  - CWStatusBarNotification (2.3.3)
  - DateTools (1.6.1)
  - EZSwipeController (0.2)
  - Fabric (1.5.5):
    - Fabric/Base (= 1.5.5)
  - Fabric/Base (1.5.5)
  - FBSDKCoreKit (4.8.0):
    - Bolts (~> 1.1)
    - FBSDKCoreKit/arc (= 4.8.0)
    - FBSDKCoreKit/no-arc (= 4.8.0)
  - FBSDKCoreKit/arc (4.8.0):
    - Bolts (~> 1.1)
  - FBSDKCoreKit/no-arc (4.8.0):
    - Bolts (~> 1.1)
    - FBSDKCoreKit/arc
  - FBSDKLoginKit (4.8.0):
    - FBSDKCoreKit
  - Flurry-iOS-SDK/FlurrySDK (7.3.0)
  - JTSActionSheet (1.0.1)
  - JTSImageViewController (1.4)
  - KILabel (1.0.0)
  - OAuthSwift (0.3.7)
  - PBWebViewController (0.3)
  - S4PageControl (0.0.1)
  - SDWebImage (3.7.3):
    - SDWebImage/Core (= 3.7.3)
  - SDWebImage/Core (3.7.3)
  - SVProgressHUD (1.1.3)

DEPENDENCIES:
  - Crashlytics
  - CWStatusBarNotification (~> 2.3.3)
  - DateTools
  - EZSwipeController
  - Fabric
  - FBSDKCoreKit
  - FBSDKLoginKit
  - Flurry-iOS-SDK/FlurrySDK
  - JTSActionSheet (~> 1.0)
  - JTSImageViewController
  - KILabel (= 1.0.0)
  - OAuthSwift (~> 0.3.4)
  - PBWebViewController
  - S4PageControl
  - SDWebImage (~> 3.7)
  - SVProgressHUD

SPEC CHECKSUMS:
  Bolts: a12663244b1d3351c738882e71902fc74db54f64
  Crashlytics: 41c082440d2e14da444186fff65e79c0b4b35d4c
  CWStatusBarNotification: 2349142e97c9f16fb8247ed3c00308cd355d334b
  DateTools: 9bcc89e4f2f9004d8a7a2bd1b49269cf78968e65
  EZSwipeController: c419b9edbecd44f666bc39b7b617bbdb5ffd3bc7
  Fabric: 190bf1a6eb65f7500de1347d027d2e59a7e53db1
  FBSDKCoreKit: 66a935d17b6e00b6b64e604f2eb9b72c9ab7deb8
  FBSDKLoginKit: d893fcbb98d854496925e9ff73c67b896982d3c4
  Flurry-iOS-SDK: 054befae0fa0244fb000985bfe757d70f87a9f60
  JTSActionSheet: d7e5350ce63b5ff23ced9db653ed1c768358124e
  JTSImageViewController: 6a367b144e257db02cdfacdba78d684377d3777b
  KILabel: 84049969642d4ac1061ebe38ad4c0da37fed108b
  OAuthSwift: d5a96a1a92329e3b4bb63b682c3e4e89a8698dc8
  PBWebViewController: 909b1505da6ba7c5c82519a6457246027926061e
  S4PageControl: e52b8282113914820e35ac6b5bb8223374e4421c
  SDWebImage: 1d2b1a1efda1ade1b00b6f8498865f8ddedc8a84
  SVProgressHUD: 748080e4f36e603f6c02aec292664239df5279c1

COCOAPODS: 0.39.0
